PODS:
  - ReactNative-Binary (0.70.4):
    - ReactNative-Binary/main (= 0.70.4)
  - ReactNative-Binary-Debug (0.70.4):
    - ReactNative-Binary-Debug/main (= 0.70.4)
  - ReactNative-Binary-Debug/main (0.70.4)
  - ReactNative-Binary/main (0.70.4)

DEPENDENCIES:
  - ReactNative-Binary
  - ReactNative-Binary-Debug

SPEC REPOS:
  trunk:
    - ReactNative-Binary
    - ReactNative-Binary-Debug

SPEC CHECKSUMS:
  ReactNative-Binary: 758bef6f070a6cf88c1bfd24219d2517f9444ee3
  ReactNative-Binary-Debug: 9cac1161c0ae7bb71f05892e27288ad9c7df6886

PODFILE CHECKSUM: 579562a8fbe29557b89eca7b1527fadb5bd4987a

COCOAPODS: 1.15.2
