PODS:
  - ReactNative-Binary (0.69.4):
    - ReactNative-Binary/main (= 0.69.4)
  - ReactNative-Binary-Debug (0.69.4):
    - ReactNative-Binary-Debug/main (= 0.69.4)
  - ReactNative-Binary-Debug/main (0.69.4)
  - ReactNative-Binary/main (0.69.4)

DEPENDENCIES:
  - ReactNative-Binary
  - ReactNative-Binary-Debug

SPEC REPOS:
  trunk:
    - ReactNative-Binary
    - ReactNative-Binary-Debug

SPEC CHECKSUMS:
  ReactNative-Binary: bf694dbfe899890ed0180046d347473956a15ef3
  ReactNative-Binary-Debug: 942c97aa614ec08e90682662007a4ed4275f1830

PODFILE CHECKSUM: 579562a8fbe29557b89eca7b1527fadb5bd4987a

COCOAPODS: 1.11.3
