PODS:
  - boost (1.76.0)
  - DoubleConversion (1.1.6)
  - FBLazyVector (0.69.6)
  - FBReactNativeSpec (0.69.6):
    - RCT-Folly (= 2021.06.28.00-v2)
    - RCTRequired (= 0.69.6)
    - RCTTypeSafety (= 0.69.6)
    - React-Core (= 0.69.6)
    - React-jsi (= 0.69.6)
    - ReactCommon/turbomodule/core (= 0.69.6)
  - fmt (6.2.1)
  - glog (0.3.5)
  - RCT-Folly (2021.06.28.00-v2):
    - boost
    - DoubleConversion
    - fmt (~> 6.2.1)
    - glog
    - RCT-Folly/Default (= 2021.06.28.00-v2)
  - RCT-Folly/Default (2021.06.28.00-v2):
    - boost
    - DoubleConversion
    - fmt (~> 6.2.1)
    - glog
  - RCTRequired (0.69.6)
  - RCTTypeSafety (0.69.6):
    - FBLazyVector (= 0.69.6)
    - RCTRequired (= 0.69.6)
    - React-Core (= 0.69.6)
  - React (0.69.6):
    - React-Core (= 0.69.6)
    - React-Core/DevSupport (= 0.69.6)
    - React-Core/RCTWebSocket (= 0.69.6)
    - React-RCTActionSheet (= 0.69.6)
    - React-RCTAnimation (= 0.69.6)
    - React-RCTBlob (= 0.69.6)
    - React-RCTImage (= 0.69.6)
    - React-RCTLinking (= 0.69.6)
    - React-RCTNetwork (= 0.69.6)
    - React-RCTSettings (= 0.69.6)
    - React-RCTText (= 0.69.6)
    - React-RCTVibration (= 0.69.6)
  - React-bridging (0.69.6):
    - RCT-Folly (= 2021.06.28.00-v2)
    - React-jsi (= 0.69.6)
  - React-callinvoker (0.69.6)
  - React-Codegen (0.69.6):
    - FBReactNativeSpec (= 0.69.6)
    - RCT-Folly (= 2021.06.28.00-v2)
    - RCTRequired (= 0.69.6)
    - RCTTypeSafety (= 0.69.6)
    - React-Core (= 0.69.6)
    - React-jsi (= 0.69.6)
    - React-jsiexecutor (= 0.69.6)
    - ReactCommon/turbomodule/core (= 0.69.6)
  - React-Core (0.69.6):
    - glog
    - RCT-Folly (= 2021.06.28.00-v2)
    - React-Core/Default (= 0.69.6)
    - React-cxxreact (= 0.69.6)
    - React-jsi (= 0.69.6)
    - React-jsiexecutor (= 0.69.6)
    - React-perflogger (= 0.69.6)
    - Yoga
  - React-Core/CoreModulesHeaders (0.69.6):
    - glog
    - RCT-Folly (= 2021.06.28.00-v2)
    - React-Core/Default
    - React-cxxreact (= 0.69.6)
    - React-jsi (= 0.69.6)
    - React-jsiexecutor (= 0.69.6)
    - React-perflogger (= 0.69.6)
    - Yoga
  - React-Core/Default (0.69.6):
    - glog
    - RCT-Folly (= 2021.06.28.00-v2)
    - React-cxxreact (= 0.69.6)
    - React-jsi (= 0.69.6)
    - React-jsiexecutor (= 0.69.6)
    - React-perflogger (= 0.69.6)
    - Yoga
  - React-Core/DevSupport (0.69.6):
    - glog
    - RCT-Folly (= 2021.06.28.00-v2)
    - React-Core/Default (= 0.69.6)
    - React-Core/RCTWebSocket (= 0.69.6)
    - React-cxxreact (= 0.69.6)
    - React-jsi (= 0.69.6)
    - React-jsiexecutor (= 0.69.6)
    - React-jsinspector (= 0.69.6)
    - React-perflogger (= 0.69.6)
    - Yoga
  - React-Core/RCTActionSheetHeaders (0.69.6):
    - glog
    - RCT-Folly (= 2021.06.28.00-v2)
    - React-Core/Default
    - React-cxxreact (= 0.69.6)
    - React-jsi (= 0.69.6)
    - React-jsiexecutor (= 0.69.6)
    - React-perflogger (= 0.69.6)
    - Yoga
  - React-Core/RCTAnimationHeaders (0.69.6):
    - glog
    - RCT-Folly (= 2021.06.28.00-v2)
    - React-Core/Default
    - React-cxxreact (= 0.69.6)
    - React-jsi (= 0.69.6)
    - React-jsiexecutor (= 0.69.6)
    - React-perflogger (= 0.69.6)
    - Yoga
  - React-Core/RCTBlobHeaders (0.69.6):
    - glog
    - RCT-Folly (= 2021.06.28.00-v2)
    - React-Core/Default
    - React-cxxreact (= 0.69.6)
    - React-jsi (= 0.69.6)
    - React-jsiexecutor (= 0.69.6)
    - React-perflogger (= 0.69.6)
    - Yoga
  - React-Core/RCTImageHeaders (0.69.6):
    - glog
    - RCT-Folly (= 2021.06.28.00-v2)
    - React-Core/Default
    - React-cxxreact (= 0.69.6)
    - React-jsi (= 0.69.6)
    - React-jsiexecutor (= 0.69.6)
    - React-perflogger (= 0.69.6)
    - Yoga
  - React-Core/RCTLinkingHeaders (0.69.6):
    - glog
    - RCT-Folly (= 2021.06.28.00-v2)
    - React-Core/Default
    - React-cxxreact (= 0.69.6)
    - React-jsi (= 0.69.6)
    - React-jsiexecutor (= 0.69.6)
    - React-perflogger (= 0.69.6)
    - Yoga
  - React-Core/RCTNetworkHeaders (0.69.6):
    - glog
    - RCT-Folly (= 2021.06.28.00-v2)
    - React-Core/Default
    - React-cxxreact (= 0.69.6)
    - React-jsi (= 0.69.6)
    - React-jsiexecutor (= 0.69.6)
    - React-perflogger (= 0.69.6)
    - Yoga
  - React-Core/RCTSettingsHeaders (0.69.6):
    - glog
    - RCT-Folly (= 2021.06.28.00-v2)
    - React-Core/Default
    - React-cxxreact (= 0.69.6)
    - React-jsi (= 0.69.6)
    - React-jsiexecutor (= 0.69.6)
    - React-perflogger (= 0.69.6)
    - Yoga
  - React-Core/RCTTextHeaders (0.69.6):
    - glog
    - RCT-Folly (= 2021.06.28.00-v2)
    - React-Core/Default
    - React-cxxreact (= 0.69.6)
    - React-jsi (= 0.69.6)
    - React-jsiexecutor (= 0.69.6)
    - React-perflogger (= 0.69.6)
    - Yoga
  - React-Core/RCTVibrationHeaders (0.69.6):
    - glog
    - RCT-Folly (= 2021.06.28.00-v2)
    - React-Core/Default
    - React-cxxreact (= 0.69.6)
    - React-jsi (= 0.69.6)
    - React-jsiexecutor (= 0.69.6)
    - React-perflogger (= 0.69.6)
    - Yoga
  - React-Core/RCTWebSocket (0.69.6):
    - glog
    - RCT-Folly (= 2021.06.28.00-v2)
    - React-Core/Default (= 0.69.6)
    - React-cxxreact (= 0.69.6)
    - React-jsi (= 0.69.6)
    - React-jsiexecutor (= 0.69.6)
    - React-perflogger (= 0.69.6)
    - Yoga
  - React-CoreModules (0.69.6):
    - RCT-Folly (= 2021.06.28.00-v2)
    - RCTTypeSafety (= 0.69.6)
    - React-Codegen (= 0.69.6)
    - React-Core/CoreModulesHeaders (= 0.69.6)
    - React-jsi (= 0.69.6)
    - React-RCTImage (= 0.69.6)
    - ReactCommon/turbomodule/core (= 0.69.6)
  - React-cxxreact (0.69.6):
    - boost (= 1.76.0)
    - DoubleConversion
    - glog
    - RCT-Folly (= 2021.06.28.00-v2)
    - React-callinvoker (= 0.69.6)
    - React-jsi (= 0.69.6)
    - React-jsinspector (= 0.69.6)
    - React-logger (= 0.69.6)
    - React-perflogger (= 0.69.6)
    - React-runtimeexecutor (= 0.69.6)
  - React-jsi (0.69.6):
    - boost (= 1.76.0)
    - DoubleConversion
    - glog
    - RCT-Folly (= 2021.06.28.00-v2)
    - React-jsi/Default (= 0.69.6)
  - React-jsi/Default (0.69.6):
    - boost (= 1.76.0)
    - DoubleConversion
    - glog
    - RCT-Folly (= 2021.06.28.00-v2)
  - React-jsiexecutor (0.69.6):
    - DoubleConversion
    - glog
    - RCT-Folly (= 2021.06.28.00-v2)
    - React-cxxreact (= 0.69.6)
    - React-jsi (= 0.69.6)
    - React-perflogger (= 0.69.6)
  - React-jsinspector (0.69.6)
  - React-logger (0.69.6):
    - glog
  - React-perflogger (0.69.6)
  - React-RCTActionSheet (0.69.6):
    - React-Core/RCTActionSheetHeaders (= 0.69.6)
  - React-RCTAnimation (0.69.6):
    - RCT-Folly (= 2021.06.28.00-v2)
    - RCTTypeSafety (= 0.69.6)
    - React-Codegen (= 0.69.6)
    - React-Core/RCTAnimationHeaders (= 0.69.6)
    - React-jsi (= 0.69.6)
    - ReactCommon/turbomodule/core (= 0.69.6)
  - React-RCTBlob (0.69.6):
    - RCT-Folly (= 2021.06.28.00-v2)
    - React-Codegen (= 0.69.6)
    - React-Core/RCTBlobHeaders (= 0.69.6)
    - React-Core/RCTWebSocket (= 0.69.6)
    - React-jsi (= 0.69.6)
    - React-RCTNetwork (= 0.69.6)
    - ReactCommon/turbomodule/core (= 0.69.6)
  - React-RCTImage (0.69.6):
    - RCT-Folly (= 2021.06.28.00-v2)
    - RCTTypeSafety (= 0.69.6)
    - React-Codegen (= 0.69.6)
    - React-Core/RCTImageHeaders (= 0.69.6)
    - React-jsi (= 0.69.6)
    - React-RCTNetwork (= 0.69.6)
    - ReactCommon/turbomodule/core (= 0.69.6)
  - React-RCTLinking (0.69.6):
    - React-Codegen (= 0.69.6)
    - React-Core/RCTLinkingHeaders (= 0.69.6)
    - React-jsi (= 0.69.6)
    - ReactCommon/turbomodule/core (= 0.69.6)
  - React-RCTNetwork (0.69.6):
    - RCT-Folly (= 2021.06.28.00-v2)
    - RCTTypeSafety (= 0.69.6)
    - React-Codegen (= 0.69.6)
    - React-Core/RCTNetworkHeaders (= 0.69.6)
    - React-jsi (= 0.69.6)
    - ReactCommon/turbomodule/core (= 0.69.6)
  - React-RCTSettings (0.69.6):
    - RCT-Folly (= 2021.06.28.00-v2)
    - RCTTypeSafety (= 0.69.6)
    - React-Codegen (= 0.69.6)
    - React-Core/RCTSettingsHeaders (= 0.69.6)
    - React-jsi (= 0.69.6)
    - ReactCommon/turbomodule/core (= 0.69.6)
  - React-RCTText (0.69.6):
    - React-Core/RCTTextHeaders (= 0.69.6)
  - React-RCTVibration (0.69.6):
    - RCT-Folly (= 2021.06.28.00-v2)
    - React-Codegen (= 0.69.6)
    - React-Core/RCTVibrationHeaders (= 0.69.6)
    - React-jsi (= 0.69.6)
    - ReactCommon/turbomodule/core (= 0.69.6)
  - React-runtimeexecutor (0.69.6):
    - React-jsi (= 0.69.6)
  - ReactCommon/turbomodule/core (0.69.6):
    - DoubleConversion
    - glog
    - RCT-Folly (= 2021.06.28.00-v2)
    - React-bridging (= 0.69.6)
    - React-callinvoker (= 0.69.6)
    - React-Core (= 0.69.6)
    - React-cxxreact (= 0.69.6)
    - React-jsi (= 0.69.6)
    - React-logger (= 0.69.6)
    - React-perflogger (= 0.69.6)
  - Yoga (1.14.0)

DEPENDENCIES:
  - boost (from `./frontend/node_modules/react-native/third-party-podspecs/boost.podspec`)
  - DoubleConversion (from `./frontend/node_modules/react-native/third-party-podspecs/DoubleConversion.podspec`)
  - FBLazyVector (from `./frontend/node_modules/react-native/Libraries/FBLazyVector`)
  - FBReactNativeSpec (from `./frontend/node_modules/react-native/React/FBReactNativeSpec`)
  - glog (from `./frontend/node_modules/react-native/third-party-podspecs/glog.podspec`)
  - RCT-Folly (from `./frontend/node_modules/react-native/third-party-podspecs/RCT-Folly.podspec`)
  - RCTRequired (from `./frontend/node_modules/react-native/Libraries/RCTRequired`)
  - RCTTypeSafety (from `./frontend/node_modules/react-native/Libraries/TypeSafety`)
  - React (from `./frontend/node_modules/react-native/`)
  - React-bridging (from `./frontend/node_modules/react-native/ReactCommon`)
  - React-callinvoker (from `./frontend/node_modules/react-native/ReactCommon/callinvoker`)
  - React-Codegen (from `build/generated/ios`)
  - React-Core (from `./frontend/node_modules/react-native/`)
  - React-Core/RCTWebSocket (from `./frontend/node_modules/react-native/`)
  - React-CoreModules (from `./frontend/node_modules/react-native/React/CoreModules`)
  - React-cxxreact (from `./frontend/node_modules/react-native/ReactCommon/cxxreact`)
  - React-jsi (from `./frontend/node_modules/react-native/ReactCommon/jsi`)
  - React-jsiexecutor (from `./frontend/node_modules/react-native/ReactCommon/jsiexecutor`)
  - React-jsinspector (from `./frontend/node_modules/react-native/ReactCommon/jsinspector`)
  - React-logger (from `./frontend/node_modules/react-native/ReactCommon/logger`)
  - React-perflogger (from `./frontend/node_modules/react-native/ReactCommon/reactperflogger`)
  - React-RCTActionSheet (from `./frontend/node_modules/react-native/Libraries/ActionSheetIOS`)
  - React-RCTAnimation (from `./frontend/node_modules/react-native/Libraries/NativeAnimation`)
  - React-RCTBlob (from `./frontend/node_modules/react-native/Libraries/Blob`)
  - React-RCTImage (from `./frontend/node_modules/react-native/Libraries/Image`)
  - React-RCTLinking (from `./frontend/node_modules/react-native/Libraries/LinkingIOS`)
  - React-RCTNetwork (from `./frontend/node_modules/react-native/Libraries/Network`)
  - React-RCTSettings (from `./frontend/node_modules/react-native/Libraries/Settings`)
  - React-RCTText (from `./frontend/node_modules/react-native/Libraries/Text`)
  - React-RCTVibration (from `./frontend/node_modules/react-native/Libraries/Vibration`)
  - React-runtimeexecutor (from `./frontend/node_modules/react-native/ReactCommon/runtimeexecutor`)
  - ReactCommon/turbomodule/core (from `./frontend/node_modules/react-native/ReactCommon`)
  - Yoga (from `./frontend/node_modules/react-native/ReactCommon/yoga`)

SPEC REPOS:
  trunk:
    - fmt

EXTERNAL SOURCES:
  boost:
    :podspec: "./frontend/node_modules/react-native/third-party-podspecs/boost.podspec"
  DoubleConversion:
    :podspec: "./frontend/node_modules/react-native/third-party-podspecs/DoubleConversion.podspec"
  FBLazyVector:
    :path: "./frontend/node_modules/react-native/Libraries/FBLazyVector"
  FBReactNativeSpec:
    :path: "./frontend/node_modules/react-native/React/FBReactNativeSpec"
  glog:
    :podspec: "./frontend/node_modules/react-native/third-party-podspecs/glog.podspec"
  RCT-Folly:
    :podspec: "./frontend/node_modules/react-native/third-party-podspecs/RCT-Folly.podspec"
  RCTRequired:
    :path: "./frontend/node_modules/react-native/Libraries/RCTRequired"
  RCTTypeSafety:
    :path: "./frontend/node_modules/react-native/Libraries/TypeSafety"
  React:
    :path: "./frontend/node_modules/react-native/"
  React-bridging:
    :path: "./frontend/node_modules/react-native/ReactCommon"
  React-callinvoker:
    :path: "./frontend/node_modules/react-native/ReactCommon/callinvoker"
  React-Codegen:
    :path: build/generated/ios
  React-Core:
    :path: "./frontend/node_modules/react-native/"
  React-CoreModules:
    :path: "./frontend/node_modules/react-native/React/CoreModules"
  React-cxxreact:
    :path: "./frontend/node_modules/react-native/ReactCommon/cxxreact"
  React-jsi:
    :path: "./frontend/node_modules/react-native/ReactCommon/jsi"
  React-jsiexecutor:
    :path: "./frontend/node_modules/react-native/ReactCommon/jsiexecutor"
  React-jsinspector:
    :path: "./frontend/node_modules/react-native/ReactCommon/jsinspector"
  React-logger:
    :path: "./frontend/node_modules/react-native/ReactCommon/logger"
  React-perflogger:
    :path: "./frontend/node_modules/react-native/ReactCommon/reactperflogger"
  React-RCTActionSheet:
    :path: "./frontend/node_modules/react-native/Libraries/ActionSheetIOS"
  React-RCTAnimation:
    :path: "./frontend/node_modules/react-native/Libraries/NativeAnimation"
  React-RCTBlob:
    :path: "./frontend/node_modules/react-native/Libraries/Blob"
  React-RCTImage:
    :path: "./frontend/node_modules/react-native/Libraries/Image"
  React-RCTLinking:
    :path: "./frontend/node_modules/react-native/Libraries/LinkingIOS"
  React-RCTNetwork:
    :path: "./frontend/node_modules/react-native/Libraries/Network"
  React-RCTSettings:
    :path: "./frontend/node_modules/react-native/Libraries/Settings"
  React-RCTText:
    :path: "./frontend/node_modules/react-native/Libraries/Text"
  React-RCTVibration:
    :path: "./frontend/node_modules/react-native/Libraries/Vibration"
  React-runtimeexecutor:
    :path: "./frontend/node_modules/react-native/ReactCommon/runtimeexecutor"
  ReactCommon:
    :path: "./frontend/node_modules/react-native/ReactCommon"
  Yoga:
    :path: "./frontend/node_modules/react-native/ReactCommon/yoga"

SPEC CHECKSUMS:
  boost: a7c83b31436843459a1961bfd74b96033dc77234
  DoubleConversion: 5189b271737e1565bdce30deb4a08d647e3f5f54
  FBLazyVector: 739d2f9719faecb463c7aa191591af31c8c94182
  FBReactNativeSpec: 3bf17078ffa133f30d81e107f11e02b392d5a7ce
  fmt: ff9d55029c625d3757ed641535fd4a75fedc7ce9
  glog: 3d02b25ca00c2d456734d0bcff864cbc62f6ae1a
  RCT-Folly: b9d9fe1fc70114b751c076104e52f3b1b5e5a95a
  RCTRequired: c8c080849a3670601d5c7056023a2176067a69d8
  RCTTypeSafety: 710aef40f5ae246bc5fff7e873855b17ed11c180
  React: b6bb382534be4de9d367ef3d04f92108c1768160
  React-bridging: 0fca0337cef9305026814907dd29254a833a2db7
  React-callinvoker: 700e6eb96b5f7f2fdd96d7263cd4627d2fa080ed
  React-Codegen: fd21633c4b9f47d0681bbb54b173a203963a5e4d
  React-Core: 8ec15c9727c8c01b1e4f14cad5bd21f7c1d56d49
  React-CoreModules: 79486447bf901292a83df52d4f7acbecda296723
  React-cxxreact: 9022135650dd9960a60a1361e9add424c6c37ab9
  React-jsi: 4ccb3599c422ad071e3895c5feab9b0afc40505d
  React-jsiexecutor: c61b60de03b3474e5749b8a8fd8e6507630d62c4
  React-jsinspector: eaacb698c5af7a99131bc1933806372c20222dfd
  React-logger: ebb4d31bbbe4f1a8a1a9b658d7429210b8f68160
  React-perflogger: 1fb1ad5333b43a5137afd7608695f7a42c5efd27
  React-RCTActionSheet: a435bd67689433575a1e5d7614b021d2c17f0726
  React-RCTAnimation: d097c5ed2d00735958508617555abd85183b94e2
  React-RCTBlob: f43a0fceb328e1a40aa52701a4eba955635444ab
  React-RCTImage: 08f4428e931efe0eefb94443c8ca08cfb250a556
  React-RCTLinking: 3a8851e818652582f87e5a7577302e6ad7e1de3e
  React-RCTNetwork: 19f7c66b612e2336eefdfbc7ab3a9bd8ca4e21cf
  React-RCTSettings: 9324e718a865ff01e4a96be4c65923581b2d5170
  React-RCTText: 9cadcd5d982c1d25f7439f47354b1c1b75e60105
  React-RCTVibration: 285f8538386c660e6b9497e204636acd93bf7fcc
  React-runtimeexecutor: 0af71c94f968fa10015bf0119951bccd2e4d8865
  ReactCommon: fe7580b9d10f00249facf25659e0ec051320cc8a
  Yoga: 75bf4b0131cfb46a659cd0c13309b79a6fcff66d

PODFILE CHECKSUM: e911069b75e70d0246f118bcd476e96e9fd3530b

COCOAPODS: 1.11.3
